lockfileVersion: '6.0'

settings:
  autoInstallPeers: true
  excludeLinksFromLockfile: false

dependencies:
  edgedb:
    specifier: ^1.3.4
    version: 1.3.4

devDependencies:
  typescript:
    specifier: ^5.1.6
    version: 5.1.6

packages:

  /edgedb@1.3.4:
    resolution: {integrity: sha512-AgJuRZO4n+FG7kcfD4jz1WbpqtNvtUJISJjCkbuEuQe7I1GzPiM8YuGY/11OS4zi51G+r8K/3cNRCwDbcm9DUA==}
    engines: {node: '>= 12.0.0'}
    hasBin: true
    dev: false

  /typescript@5.1.6:
    resolution: {integrity: sha512-zaWCozRZ6DLEWAWFrVDz1H6FVXzUSfTy5FUMWsQlU8Ym5JP9eO4xkTIROFCQvhQf61z6O/G6ugw3SgAnvvm+HA==}
    engines: {node: '>=14.17'}
    hasBin: true
    dev: true
